
Microsoft Visual Studio Solution File, Format Version 12.00
# Visual Studio Version 16
VisualStudioVersion = 25.0.1706.13
MinimumVisualStudioVersion = 10.0.40219.1
Project("{FAE04EC0-301F-11D3-BF4B-00C04F79EFBC}") = "QueensHotelAPI", "QueensHotelAPI\QueensHotelAPI.csproj", "{D98229EB-3D61-4668-BEB9-7DB514B3D35E}"
EndProject
Global
	GlobalSection(SolutionConfigurationPlatforms) = preSolution
		Debug|Any CPU = Debug|Any CPU
		Release|Any CPU = Release|Any CPU
	EndGlobalSection
	GlobalSection(ProjectConfigurationPlatforms) = postSolution
		{D98229EB-3D61-4668-BEB9-7DB514B3D35E}.Debug|Any CPU.ActiveCfg = Debug|Any CPU
		{D98229EB-3D61-4668-BEB9-7DB514B3D35E}.Debug|Any CPU.Build.0 = Debug|Any CPU
		{D98229EB-3D61-4668-BEB9-7DB514B3D35E}.Release|Any CPU.ActiveCfg = Release|Any CPU
		{D98229EB-3D61-4668-BEB9-7DB514B3D35E}.Release|Any CPU.Build.0 = Release|Any CPU
	EndGlobalSection
	GlobalSection(SolutionProperties) = preSolution
		HideSolutionNode = FALSE
	EndGlobalSection
	GlobalSection(ExtensibilityGlobals) = postSolution
		SolutionGuid = {E364ABF5-78A1-4808-8DD1-E92D7A9D15AF}
	EndGlobalSection
EndGlobal
